
Microsoft Visual Studio Solution File, Format Version 12.00
# Visual Studio 15
VisualStudioVersion = 15.0.27703.2042
MinimumVisualStudioVersion = 10.0.40219.1
Project("{FAE04EC0-301F-11D3-BF4B-00C04F79EFBC}") = "Future", "Future\Future.csproj", "{C75D088B-757F-4C63-AD2E-A2566861E998}"
EndProject
Global
	GlobalSection(SolutionConfigurationPlatforms) = preSolution
		Debug|Any CPU = Debug|Any CPU
		Release|Any CPU = Release|Any CPU
	EndGlobalSection
	GlobalSection(ProjectConfigurationPlatforms) = postSolution
		{C75D088B-757F-4C63-AD2E-A2566861E998}.Debug|Any CPU.ActiveCfg = Debug|Any CPU
		{C75D088B-757F-4C63-AD2E-A2566861E998}.Debug|Any CPU.Build.0 = Debug|Any CPU
		{C75D088B-757F-4C63-AD2E-A2566861E998}.Release|Any CPU.ActiveCfg = Release|Any CPU
		{C75D088B-757F-4C63-AD2E-A2566861E998}.Release|Any CPU.Build.0 = Release|Any CPU
	EndGlobalSection
	GlobalSection(SolutionProperties) = preSolution
		HideSolutionNode = FALSE
	EndGlobalSection
	GlobalSection(ExtensibilityGlobals) = postSolution
		SolutionGuid = {C579D688-FD5F-4604-B1C4-F8C7A08BD364}
	EndGlobalSection
EndGlobal
